// !$*UTF8*$!
{
	archiveVersion = 1;
	classes = {
	};
	objectVersion = 52;
	objects = {

/* Begin PBXBuildFile section */
		48154916248510330045E41F /* APIRequest.swift in Sources */ = {isa = PBXBuildFile; fileRef = 48154915248510330045E41F /* APIRequest.swift */; };
		48241B6D246BAB2400EDAE16 /* AppState.swift in Sources */ = {isa = PBXBuildFile; fileRef = 48241B6C246BAB2400EDAE16 /* AppState.swift */; };
		48241B6F246BBE8D00EDAE16 /* RootView.swift in Sources */ = {isa = PBXBuildFile; fileRef = 48241B6E246BBE8D00EDAE16 /* RootView.swift */; };
		48241B71246BC94200EDAE16 /* BeaconDebugView.swift in Sources */ = {isa = PBXBuildFile; fileRef = 48241B70246BC94200EDAE16 /* BeaconDebugView.swift */; };
		482566E124910E34004E5442 /* SDWebImageSwiftUI in Frameworks */ = {isa = PBXBuildFile; productRef = 482566E024910E34004E5442 /* SDWebImageSwiftUI */; };
		48397BB724827BF600A697C4 /* NotificationService.swift in Sources */ = {isa = PBXBuildFile; fileRef = 48397BB624827BF600A697C4 /* NotificationService.swift */; };
		48397BB924827C5D00A697C4 /* NotificationSettings.swift in Sources */ = {isa = PBXBuildFile; fileRef = 48397BB824827C5D00A697C4 /* NotificationSettings.swift */; };
		487C3005248100310085B94F /* AboutView.swift in Sources */ = {isa = PBXBuildFile; fileRef = 487C3004248100310085B94F /* AboutView.swift */; };
		487C3008248105FF0085B94F /* AboutRowView.swift in Sources */ = {isa = PBXBuildFile; fileRef = 487C3007248105FF0085B94F /* AboutRowView.swift */; };
		48AA3056246EA28500F7F9BA /* DateFormatter+Custom.swift in Sources */ = {isa = PBXBuildFile; fileRef = 48AA3055246EA28500F7F9BA /* DateFormatter+Custom.swift */; };
		48ADEE9F245D6A7B00265BB2 /* SwiftPhoenixClient in Frameworks */ = {isa = PBXBuildFile; productRef = 48ADEE9E245D6A7B00265BB2 /* SwiftPhoenixClient */; };
		48B33AFA24682495000A1F5C /* ServerSettingsView.swift in Sources */ = {isa = PBXBuildFile; fileRef = 48B33AF924682495000A1F5C /* ServerSettingsView.swift */; };
		48DDD7C3245C5CD300A249BD /* AppDelegate.swift in Sources */ = {isa = PBXBuildFile; fileRef = 48DDD7C2245C5CD300A249BD /* AppDelegate.swift */; };
		48DDD7C5245C5CD300A249BD /* SceneDelegate.swift in Sources */ = {isa = PBXBuildFile; fileRef = 48DDD7C4245C5CD300A249BD /* SceneDelegate.swift */; };
		48DDD7CC245C5CD500A249BD /* Assets.xcassets in Resources */ = {isa = PBXBuildFile; fileRef = 48DDD7CB245C5CD500A249BD /* Assets.xcassets */; };
		48DDD7CF245C5CD500A249BD /* LaunchScreen.storyboard in Resources */ = {isa = PBXBuildFile; fileRef = 48DDD7CD245C5CD500A249BD /* LaunchScreen.storyboard */; };
		48DDD7D4245C5CD500A249BD /* CoThings WatchKit App.app in Embed Watch Content */ = {isa = PBXBuildFile; fileRef = 48DDD7D3245C5CD500A249BD /* CoThings WatchKit App.app */; settings = {ATTRIBUTES = (RemoveHeadersOnCopy, ); }; };
		48DDD7DA245C5CD500A249BD /* Interface.storyboard in Resources */ = {isa = PBXBuildFile; fileRef = 48DDD7D8245C5CD500A249BD /* Interface.storyboard */; };
		48DDD7DC245C5CD500A249BD /* Assets.xcassets in Resources */ = {isa = PBXBuildFile; fileRef = 48DDD7DB245C5CD500A249BD /* Assets.xcassets */; };
		48DDD7E3245C5CD600A249BD /* CoThings WatchKit Extension.appex in Embed App Extensions */ = {isa = PBXBuildFile; fileRef = 48DDD7E2245C5CD600A249BD /* CoThings WatchKit Extension.appex */; settings = {ATTRIBUTES = (RemoveHeadersOnCopy, ); }; };
		48DDD7E8245C5CD600A249BD /* InterfaceController.swift in Sources */ = {isa = PBXBuildFile; fileRef = 48DDD7E7245C5CD600A249BD /* InterfaceController.swift */; };
		48DDD7EA245C5CD600A249BD /* ExtensionDelegate.swift in Sources */ = {isa = PBXBuildFile; fileRef = 48DDD7E9245C5CD600A249BD /* ExtensionDelegate.swift */; };
		48DDD7EC245C5CD600A249BD /* NotificationController.swift in Sources */ = {isa = PBXBuildFile; fileRef = 48DDD7EB245C5CD600A249BD /* NotificationController.swift */; };
		48DDD7EE245C5CD600A249BD /* Assets.xcassets in Resources */ = {isa = PBXBuildFile; fileRef = 48DDD7ED245C5CD600A249BD /* Assets.xcassets */; };
		48DDD800245C76F400A249BD /* README.md in Resources */ = {isa = PBXBuildFile; fileRef = 48DDD7FE245C76F400A249BD /* README.md */; };
		48DDD801245C76F400A249BD /* LICENSE in Resources */ = {isa = PBXBuildFile; fileRef = 48DDD7FF245C76F400A249BD /* LICENSE */; };
		6633A62524858E8A0010C340 /* QRCodeView.swift in Sources */ = {isa = PBXBuildFile; fileRef = 6633A62424858E8A0010C340 /* QRCodeView.swift */; };
		691DF0192496006400B2E624 /* LoadingView.swift in Sources */ = {isa = PBXBuildFile; fileRef = 691DF0182496006400B2E624 /* LoadingView.swift */; };
		A9176B76246ED95C00027D6C /* OnBoardingScreen.swift in Sources */ = {isa = PBXBuildFile; fileRef = A9176B75246ED95C00027D6C /* OnBoardingScreen.swift */; };
		A9176B78246EDA5300027D6C /* StateController.swift in Sources */ = {isa = PBXBuildFile; fileRef = A9176B77246EDA5300027D6C /* StateController.swift */; };
		A9176B7C246EED7100027D6C /* RoomsController.swift in Sources */ = {isa = PBXBuildFile; fileRef = A9176B7B246EED7100027D6C /* RoomsController.swift */; };
		A9176B7E246F3CF700027D6C /* CoThingsBackend.swift in Sources */ = {isa = PBXBuildFile; fileRef = A9176B7D246F3CF700027D6C /* CoThingsBackend.swift */; };
		A9176B82246FF0A400027D6C /* InMemoryBackend.swift in Sources */ = {isa = PBXBuildFile; fileRef = A9176B81246FF0A400027D6C /* InMemoryBackend.swift */; };
		A94042A924757CEB003C26D2 /* DebugList.swift in Sources */ = {isa = PBXBuildFile; fileRef = A94042A824757CEB003C26D2 /* DebugList.swift */; };
		A94042AB247585E8003C26D2 /* SettingsScreen.swift in Sources */ = {isa = PBXBuildFile; fileRef = A94042AA247585E8003C26D2 /* SettingsScreen.swift */; };
		A96ECFC2246C564600F2D55C /* Models.swift in Sources */ = {isa = PBXBuildFile; fileRef = A96ECFC1246C564600F2D55C /* Models.swift */; };
		A96ECFC4246C5A0200F2D55C /* BeaconDetector.swift in Sources */ = {isa = PBXBuildFile; fileRef = A96ECFC3246C5A0200F2D55C /* BeaconDetector.swift */; };
		A96ECFC9246C5B3200F2D55C /* PlaceSession.swift in Sources */ = {isa = PBXBuildFile; fileRef = A96ECFC6246C5B3200F2D55C /* PlaceSession.swift */; };
		A96ECFCA246C5B3200F2D55C /* ServerBackend.swift in Sources */ = {isa = PBXBuildFile; fileRef = A96ECFC7246C5B3200F2D55C /* ServerBackend.swift */; };
		A96ECFCE246C5F0E00F2D55C /* PlaceHeaderView.swift in Sources */ = {isa = PBXBuildFile; fileRef = A96ECFCC246C5F0E00F2D55C /* PlaceHeaderView.swift */; };
		A96ECFCF246C5F0E00F2D55C /* RoomsScreen.swift in Sources */ = {isa = PBXBuildFile; fileRef = A96ECFCD246C5F0E00F2D55C /* RoomsScreen.swift */; };
		A96ECFD4246C5F9B00F2D55C /* EdgeBorderModifier.swift in Sources */ = {isa = PBXBuildFile; fileRef = A96ECFD1246C5F9B00F2D55C /* EdgeBorderModifier.swift */; };
		A96ECFD5246C5F9B00F2D55C /* Environment.swift in Sources */ = {isa = PBXBuildFile; fileRef = A96ECFD2246C5F9B00F2D55C /* Environment.swift */; };
		A96ECFD6246C5F9B00F2D55C /* Scrolling.swift in Sources */ = {isa = PBXBuildFile; fileRef = A96ECFD3246C5F9B00F2D55C /* Scrolling.swift */; };
		A96ECFDB246C5FAF00F2D55C /* RoomFullnessView.swift in Sources */ = {isa = PBXBuildFile; fileRef = A96ECFD8246C5FAF00F2D55C /* RoomFullnessView.swift */; };
		A96ECFDC246C5FAF00F2D55C /* CircularProgress.swift in Sources */ = {isa = PBXBuildFile; fileRef = A96ECFD9246C5FAF00F2D55C /* CircularProgress.swift */; };
		A96ECFDD246C5FAF00F2D55C /* RoomRow.swift in Sources */ = {isa = PBXBuildFile; fileRef = A96ECFDA246C5FAF00F2D55C /* RoomRow.swift */; };
		A96ECFE0246C602100F2D55C /* DateHelper in Frameworks */ = {isa = PBXBuildFile; productRef = A96ECFDF246C602100F2D55C /* DateHelper */; };
		A96ECFE5246C605C00F2D55C /* Date+Ago.swift in Sources */ = {isa = PBXBuildFile; fileRef = A96ECFE2246C605C00F2D55C /* Date+Ago.swift */; };
		A96ECFE6246C605C00F2D55C /* UIKit+Mix.swift in Sources */ = {isa = PBXBuildFile; fileRef = A96ECFE3246C605C00F2D55C /* UIKit+Mix.swift */; };
		A96ECFE7246C605C00F2D55C /* Color+Utils.swift in Sources */ = {isa = PBXBuildFile; fileRef = A96ECFE4246C605C00F2D55C /* Color+Utils.swift */; };
		A96ECFE9246C606800F2D55C /* CoHostingController.swift in Sources */ = {isa = PBXBuildFile; fileRef = A96ECFE8246C606800F2D55C /* CoHostingController.swift */; };
		A96ECFEB246C608500F2D55C /* GroupHeaderView.swift in Sources */ = {isa = PBXBuildFile; fileRef = A96ECFEA246C608500F2D55C /* GroupHeaderView.swift */; };
		A96ECFEE246C611400F2D55C /* Preview Assets.xcassets in Resources */ = {isa = PBXBuildFile; fileRef = A96ECFED246C611400F2D55C /* Preview Assets.xcassets */; };
		A96ECFF0246C615500F2D55C /* RoomData.swift in Sources */ = {isa = PBXBuildFile; fileRef = A96ECFEF246C615500F2D55C /* RoomData.swift */; };
		A9F301D42475710400CCA27E /* Session.swift in Sources */ = {isa = PBXBuildFile; fileRef = A9F301D32475710400CCA27E /* Session.swift */; };
/* End PBXBuildFile section */

/* Begin PBXContainerItemProxy section */
		48DDD7D5245C5CD500A249BD /* PBXContainerItemProxy */ = {
			isa = PBXContainerItemProxy;
			containerPortal = 48DDD7B7245C5CD300A249BD /* Project object */;
			proxyType = 1;
			remoteGlobalIDString = 48DDD7D2245C5CD500A249BD;
			remoteInfo = "CoThings WatchKit App";
		};
		48DDD7E4245C5CD600A249BD /* PBXContainerItemProxy */ = {
			isa = PBXContainerItemProxy;
			containerPortal = 48DDD7B7245C5CD300A249BD /* Project object */;
			proxyType = 1;
			remoteGlobalIDString = 48DDD7E1245C5CD600A249BD;
			remoteInfo = "CoThings WatchKit Extension";
		};
/* End PBXContainerItemProxy section */

/* Begin PBXCopyFilesBuildPhase section */
		48DDD7F6245C5CD600A249BD /* Embed App Extensions */ = {
			isa = PBXCopyFilesBuildPhase;
			buildActionMask = 2147483647;
			dstPath = "";
			dstSubfolderSpec = 13;
			files = (
				48DDD7E3245C5CD600A249BD /* CoThings WatchKit Extension.appex in Embed App Extensions */,
			);
			name = "Embed App Extensions";
			runOnlyForDeploymentPostprocessing = 0;
		};
		48DDD7FA245C5CD600A249BD /* Embed Watch Content */ = {
			isa = PBXCopyFilesBuildPhase;
			buildActionMask = 2147483647;
			dstPath = "$(CONTENTS_FOLDER_PATH)/Watch";
			dstSubfolderSpec = 16;
			files = (
				48DDD7D4245C5CD500A249BD /* CoThings WatchKit App.app in Embed Watch Content */,
			);
			name = "Embed Watch Content";
			runOnlyForDeploymentPostprocessing = 0;
		};
/* End PBXCopyFilesBuildPhase section */

/* Begin PBXFileReference section */
		480CC117247B67F9000B2D7E /* CONTRIBUTING.md */ = {isa = PBXFileReference; lastKnownFileType = net.daringfireball.markdown; path = CONTRIBUTING.md; sourceTree = "<group>"; };
		48154915248510330045E41F /* APIRequest.swift */ = {isa = PBXFileReference; lastKnownFileType = sourcecode.swift; path = APIRequest.swift; sourceTree = "<group>"; };
		48241B6C246BAB2400EDAE16 /* AppState.swift */ = {isa = PBXFileReference; lastKnownFileType = sourcecode.swift; path = AppState.swift; sourceTree = "<group>"; };
		48241B6E246BBE8D00EDAE16 /* RootView.swift */ = {isa = PBXFileReference; lastKnownFileType = sourcecode.swift; path = RootView.swift; sourceTree = "<group>"; };
		48241B70246BC94200EDAE16 /* BeaconDebugView.swift */ = {isa = PBXFileReference; lastKnownFileType = sourcecode.swift; path = BeaconDebugView.swift; sourceTree = "<group>"; };
		48397BB624827BF600A697C4 /* NotificationService.swift */ = {isa = PBXFileReference; lastKnownFileType = sourcecode.swift; path = NotificationService.swift; sourceTree = "<group>"; };
		48397BB824827C5D00A697C4 /* NotificationSettings.swift */ = {isa = PBXFileReference; lastKnownFileType = sourcecode.swift; path = NotificationSettings.swift; sourceTree = "<group>"; };
		4877A2172481324E002558CA /* CONTRIBUTORS.md */ = {isa = PBXFileReference; lastKnownFileType = net.daringfireball.markdown; path = CONTRIBUTORS.md; sourceTree = "<group>"; };
		487C3004248100310085B94F /* AboutView.swift */ = {isa = PBXFileReference; lastKnownFileType = sourcecode.swift; path = AboutView.swift; sourceTree = "<group>"; };
		487C3007248105FF0085B94F /* AboutRowView.swift */ = {isa = PBXFileReference; lastKnownFileType = sourcecode.swift; path = AboutRowView.swift; sourceTree = "<group>"; };
		48AA3055246EA28500F7F9BA /* DateFormatter+Custom.swift */ = {isa = PBXFileReference; lastKnownFileType = sourcecode.swift; path = "DateFormatter+Custom.swift"; sourceTree = "<group>"; };
		48B33AF924682495000A1F5C /* ServerSettingsView.swift */ = {isa = PBXFileReference; lastKnownFileType = sourcecode.swift; path = ServerSettingsView.swift; sourceTree = "<group>"; };
		48DDD7BF245C5CD300A249BD /* CoThings.app */ = {isa = PBXFileReference; explicitFileType = wrapper.application; includeInIndex = 0; path = CoThings.app; sourceTree = BUILT_PRODUCTS_DIR; };
		48DDD7C2245C5CD300A249BD /* AppDelegate.swift */ = {isa = PBXFileReference; lastKnownFileType = sourcecode.swift; path = AppDelegate.swift; sourceTree = "<group>"; };
		48DDD7C4245C5CD300A249BD /* SceneDelegate.swift */ = {isa = PBXFileReference; lastKnownFileType = sourcecode.swift; path = SceneDelegate.swift; sourceTree = "<group>"; };
		48DDD7CB245C5CD500A249BD /* Assets.xcassets */ = {isa = PBXFileReference; lastKnownFileType = folder.assetcatalog; path = Assets.xcassets; sourceTree = "<group>"; };
		48DDD7CE245C5CD500A249BD /* Base */ = {isa = PBXFileReference; lastKnownFileType = file.storyboard; name = Base; path = Base.lproj/LaunchScreen.storyboard; sourceTree = "<group>"; };
		48DDD7D0245C5CD500A249BD /* Info.plist */ = {isa = PBXFileReference; lastKnownFileType = text.plist.xml; path = Info.plist; sourceTree = "<group>"; };
		48DDD7D3245C5CD500A249BD /* CoThings WatchKit App.app */ = {isa = PBXFileReference; explicitFileType = wrapper.application; includeInIndex = 0; path = "CoThings WatchKit App.app"; sourceTree = BUILT_PRODUCTS_DIR; };
		48DDD7D9245C5CD500A249BD /* Base */ = {isa = PBXFileReference; lastKnownFileType = file.storyboard; name = Base; path = Base.lproj/Interface.storyboard; sourceTree = "<group>"; };
		48DDD7DB245C5CD500A249BD /* Assets.xcassets */ = {isa = PBXFileReference; lastKnownFileType = folder.assetcatalog; path = Assets.xcassets; sourceTree = "<group>"; };
		48DDD7DD245C5CD500A249BD /* Info.plist */ = {isa = PBXFileReference; lastKnownFileType = text.plist.xml; path = Info.plist; sourceTree = "<group>"; };
		48DDD7E2245C5CD600A249BD /* CoThings WatchKit Extension.appex */ = {isa = PBXFileReference; explicitFileType = "wrapper.app-extension"; includeInIndex = 0; path = "CoThings WatchKit Extension.appex"; sourceTree = BUILT_PRODUCTS_DIR; };
		48DDD7E7245C5CD600A249BD /* InterfaceController.swift */ = {isa = PBXFileReference; lastKnownFileType = sourcecode.swift; path = InterfaceController.swift; sourceTree = "<group>"; };
		48DDD7E9245C5CD600A249BD /* ExtensionDelegate.swift */ = {isa = PBXFileReference; lastKnownFileType = sourcecode.swift; path = ExtensionDelegate.swift; sourceTree = "<group>"; };
		48DDD7EB245C5CD600A249BD /* NotificationController.swift */ = {isa = PBXFileReference; lastKnownFileType = sourcecode.swift; path = NotificationController.swift; sourceTree = "<group>"; };
		48DDD7ED245C5CD600A249BD /* Assets.xcassets */ = {isa = PBXFileReference; lastKnownFileType = folder.assetcatalog; path = Assets.xcassets; sourceTree = "<group>"; };
		48DDD7EF245C5CD600A249BD /* Info.plist */ = {isa = PBXFileReference; lastKnownFileType = text.plist.xml; path = Info.plist; sourceTree = "<group>"; };
		48DDD7F0245C5CD600A249BD /* PushNotificationPayload.apns */ = {isa = PBXFileReference; lastKnownFileType = text; path = PushNotificationPayload.apns; sourceTree = "<group>"; };
		48DDD7FE245C76F400A249BD /* README.md */ = {isa = PBXFileReference; fileEncoding = 4; lastKnownFileType = net.daringfireball.markdown; path = README.md; sourceTree = "<group>"; };
		48DDD7FF245C76F400A249BD /* LICENSE */ = {isa = PBXFileReference; fileEncoding = 4; lastKnownFileType = text; path = LICENSE; sourceTree = "<group>"; };
		48F52925247B9070004AEAA2 /* CONDUCT.md */ = {isa = PBXFileReference; lastKnownFileType = net.daringfireball.markdown; path = CONDUCT.md; sourceTree = "<group>"; };
		6633A62424858E8A0010C340 /* QRCodeView.swift */ = {isa = PBXFileReference; fileEncoding = 4; lastKnownFileType = sourcecode.swift; path = QRCodeView.swift; sourceTree = "<group>"; };
		691DF0182496006400B2E624 /* LoadingView.swift */ = {isa = PBXFileReference; lastKnownFileType = sourcecode.swift; path = LoadingView.swift; sourceTree = "<group>"; };
		A9176B75246ED95C00027D6C /* OnBoardingScreen.swift */ = {isa = PBXFileReference; lastKnownFileType = sourcecode.swift; path = OnBoardingScreen.swift; sourceTree = "<group>"; };
		A9176B77246EDA5300027D6C /* StateController.swift */ = {isa = PBXFileReference; lastKnownFileType = sourcecode.swift; path = StateController.swift; sourceTree = "<group>"; };
		A9176B7B246EED7100027D6C /* RoomsController.swift */ = {isa = PBXFileReference; lastKnownFileType = sourcecode.swift; path = RoomsController.swift; sourceTree = "<group>"; };
		A9176B7D246F3CF700027D6C /* CoThingsBackend.swift */ = {isa = PBXFileReference; lastKnownFileType = sourcecode.swift; path = CoThingsBackend.swift; sourceTree = "<group>"; };
		A9176B81246FF0A400027D6C /* InMemoryBackend.swift */ = {isa = PBXFileReference; lastKnownFileType = sourcecode.swift; path = InMemoryBackend.swift; sourceTree = "<group>"; };
		A94042A824757CEB003C26D2 /* DebugList.swift */ = {isa = PBXFileReference; lastKnownFileType = sourcecode.swift; path = DebugList.swift; sourceTree = "<group>"; };
		A94042AA247585E8003C26D2 /* SettingsScreen.swift */ = {isa = PBXFileReference; lastKnownFileType = sourcecode.swift; path = SettingsScreen.swift; sourceTree = "<group>"; };
		A96ECFC1246C564600F2D55C /* Models.swift */ = {isa = PBXFileReference; lastKnownFileType = sourcecode.swift; path = Models.swift; sourceTree = "<group>"; };
		A96ECFC3246C5A0200F2D55C /* BeaconDetector.swift */ = {isa = PBXFileReference; fileEncoding = 4; lastKnownFileType = sourcecode.swift; path = BeaconDetector.swift; sourceTree = "<group>"; };
		A96ECFC6246C5B3200F2D55C /* PlaceSession.swift */ = {isa = PBXFileReference; fileEncoding = 4; lastKnownFileType = sourcecode.swift; path = PlaceSession.swift; sourceTree = "<group>"; };
		A96ECFC7246C5B3200F2D55C /* ServerBackend.swift */ = {isa = PBXFileReference; fileEncoding = 4; lastKnownFileType = sourcecode.swift; path = ServerBackend.swift; sourceTree = "<group>"; };
		A96ECFCC246C5F0E00F2D55C /* PlaceHeaderView.swift */ = {isa = PBXFileReference; fileEncoding = 4; lastKnownFileType = sourcecode.swift; path = PlaceHeaderView.swift; sourceTree = "<group>"; };
		A96ECFCD246C5F0E00F2D55C /* RoomsScreen.swift */ = {isa = PBXFileReference; fileEncoding = 4; lastKnownFileType = sourcecode.swift; path = RoomsScreen.swift; sourceTree = "<group>"; };
		A96ECFD1246C5F9B00F2D55C /* EdgeBorderModifier.swift */ = {isa = PBXFileReference; fileEncoding = 4; lastKnownFileType = sourcecode.swift; path = EdgeBorderModifier.swift; sourceTree = "<group>"; };
		A96ECFD2246C5F9B00F2D55C /* Environment.swift */ = {isa = PBXFileReference; fileEncoding = 4; lastKnownFileType = sourcecode.swift; path = Environment.swift; sourceTree = "<group>"; };
		A96ECFD3246C5F9B00F2D55C /* Scrolling.swift */ = {isa = PBXFileReference; fileEncoding = 4; lastKnownFileType = sourcecode.swift; path = Scrolling.swift; sourceTree = "<group>"; };
		A96ECFD8246C5FAF00F2D55C /* RoomFullnessView.swift */ = {isa = PBXFileReference; fileEncoding = 4; lastKnownFileType = sourcecode.swift; path = RoomFullnessView.swift; sourceTree = "<group>"; };
		A96ECFD9246C5FAF00F2D55C /* CircularProgress.swift */ = {isa = PBXFileReference; fileEncoding = 4; lastKnownFileType = sourcecode.swift; path = CircularProgress.swift; sourceTree = "<group>"; };
		A96ECFDA246C5FAF00F2D55C /* RoomRow.swift */ = {isa = PBXFileReference; fileEncoding = 4; lastKnownFileType = sourcecode.swift; path = RoomRow.swift; sourceTree = "<group>"; };
		A96ECFE2246C605C00F2D55C /* Date+Ago.swift */ = {isa = PBXFileReference; fileEncoding = 4; lastKnownFileType = sourcecode.swift; path = "Date+Ago.swift"; sourceTree = "<group>"; };
		A96ECFE3246C605C00F2D55C /* UIKit+Mix.swift */ = {isa = PBXFileReference; fileEncoding = 4; lastKnownFileType = sourcecode.swift; path = "UIKit+Mix.swift"; sourceTree = "<group>"; };
		A96ECFE4246C605C00F2D55C /* Color+Utils.swift */ = {isa = PBXFileReference; fileEncoding = 4; lastKnownFileType = sourcecode.swift; path = "Color+Utils.swift"; sourceTree = "<group>"; };
		A96ECFE8246C606800F2D55C /* CoHostingController.swift */ = {isa = PBXFileReference; fileEncoding = 4; lastKnownFileType = sourcecode.swift; path = CoHostingController.swift; sourceTree = "<group>"; };
		A96ECFEA246C608500F2D55C /* GroupHeaderView.swift */ = {isa = PBXFileReference; fileEncoding = 4; lastKnownFileType = sourcecode.swift; path = GroupHeaderView.swift; sourceTree = "<group>"; };
		A96ECFED246C611400F2D55C /* Preview Assets.xcassets */ = {isa = PBXFileReference; lastKnownFileType = folder.assetcatalog; path = "Preview Assets.xcassets"; sourceTree = "<group>"; };
		A96ECFEF246C615500F2D55C /* RoomData.swift */ = {isa = PBXFileReference; lastKnownFileType = sourcecode.swift; path = RoomData.swift; sourceTree = "<group>"; };
		A9F301D32475710400CCA27E /* Session.swift */ = {isa = PBXFileReference; lastKnownFileType = sourcecode.swift; path = Session.swift; sourceTree = "<group>"; };
/* End PBXFileReference section */

/* Begin PBXFrameworksBuildPhase section */
		48DDD7BC245C5CD300A249BD /* Frameworks */ = {
			isa = PBXFrameworksBuildPhase;
			buildActionMask = 2147483647;
			files = (
				482566E124910E34004E5442 /* SDWebImageSwiftUI in Frameworks */,
				A96ECFE0246C602100F2D55C /* DateHelper in Frameworks */,
				48ADEE9F245D6A7B00265BB2 /* SwiftPhoenixClient in Frameworks */,
			);
			runOnlyForDeploymentPostprocessing = 0;
		};
		48DDD7DF245C5CD600A249BD /* Frameworks */ = {
			isa = PBXFrameworksBuildPhase;
			buildActionMask = 2147483647;
			files = (
			);
			runOnlyForDeploymentPostprocessing = 0;
		};
/* End PBXFrameworksBuildPhase section */

/* Begin PBXGroup section */
		487C3006248105EB0085B94F /* About */ = {
			isa = PBXGroup;
			children = (
				487C3004248100310085B94F /* AboutView.swift */,
				487C3007248105FF0085B94F /* AboutRowView.swift */,
			);
			path = About;
			sourceTree = "<group>";
		};
		48DDD7B6245C5CD300A249BD = {
			isa = PBXGroup;
			children = (
				4877A2172481324E002558CA /* CONTRIBUTORS.md */,
				48F52925247B9070004AEAA2 /* CONDUCT.md */,
				480CC117247B67F9000B2D7E /* CONTRIBUTING.md */,
				48DDD7FF245C76F400A249BD /* LICENSE */,
				48DDD7FE245C76F400A249BD /* README.md */,
				48DDD7C1245C5CD300A249BD /* CoThings */,
				48DDD7D7245C5CD500A249BD /* CoThings WatchKit App */,
				48DDD7E6245C5CD600A249BD /* CoThings WatchKit Extension */,
				48DDD7C0245C5CD300A249BD /* Products */,
			);
			sourceTree = "<group>";
		};
		48DDD7C0245C5CD300A249BD /* Products */ = {
			isa = PBXGroup;
			children = (
				48DDD7BF245C5CD300A249BD /* CoThings.app */,
				48DDD7D3245C5CD500A249BD /* CoThings WatchKit App.app */,
				48DDD7E2245C5CD600A249BD /* CoThings WatchKit Extension.appex */,
			);
			name = Products;
			sourceTree = "<group>";
		};
		48DDD7C1245C5CD300A249BD /* CoThings */ = {
			isa = PBXGroup;
			children = (
				A9176B7A246EED5C00027D6C /* Controllers */,
				A96ECFE1246C605400F2D55C /* Helpers */,
				A96ECFC5246C5B3200F2D55C /* Services */,
				A96ECFBF246C561A00F2D55C /* Views */,
				48241B6C246BAB2400EDAE16 /* AppState.swift */,
				A96ECFC1246C564600F2D55C /* Models.swift */,
				48DDD7C2245C5CD300A249BD /* AppDelegate.swift */,
				48DDD7C4245C5CD300A249BD /* SceneDelegate.swift */,
				48DDD7CB245C5CD500A249BD /* Assets.xcassets */,
				48DDD7CD245C5CD500A249BD /* LaunchScreen.storyboard */,
				48DDD7D0245C5CD500A249BD /* Info.plist */,
			);
			path = CoThings;
			sourceTree = "<group>";
		};
		48DDD7D7245C5CD500A249BD /* CoThings WatchKit App */ = {
			isa = PBXGroup;
			children = (
				48DDD7D8245C5CD500A249BD /* Interface.storyboard */,
				48DDD7DB245C5CD500A249BD /* Assets.xcassets */,
				48DDD7DD245C5CD500A249BD /* Info.plist */,
			);
			path = "CoThings WatchKit App";
			sourceTree = "<group>";
		};
		48DDD7E6245C5CD600A249BD /* CoThings WatchKit Extension */ = {
			isa = PBXGroup;
			children = (
				48DDD7E7245C5CD600A249BD /* InterfaceController.swift */,
				48DDD7E9245C5CD600A249BD /* ExtensionDelegate.swift */,
				48DDD7EB245C5CD600A249BD /* NotificationController.swift */,
				48DDD7ED245C5CD600A249BD /* Assets.xcassets */,
				48DDD7EF245C5CD600A249BD /* Info.plist */,
				48DDD7F0245C5CD600A249BD /* PushNotificationPayload.apns */,
			);
			path = "CoThings WatchKit Extension";
			sourceTree = "<group>";
		};
		A9176B79246EDF8500027D6C /* Settings */ = {
			isa = PBXGroup;
			children = (
				487C3006248105EB0085B94F /* About */,
				48B33AF924682495000A1F5C /* ServerSettingsView.swift */,
				A94042AA247585E8003C26D2 /* SettingsScreen.swift */,
				48397BB824827C5D00A697C4 /* NotificationSettings.swift */,
				6633A62424858E8A0010C340 /* QRCodeView.swift */,
			);
			path = Settings;
			sourceTree = "<group>";
		};
		A9176B7A246EED5C00027D6C /* Controllers */ = {
			isa = PBXGroup;
			children = (
				A9176B77246EDA5300027D6C /* StateController.swift */,
				A9176B7B246EED7100027D6C /* RoomsController.swift */,
			);
			path = Controllers;
			sourceTree = "<group>";
		};
		A94042A724757CC7003C26D2 /* Debug Screens */ = {
			isa = PBXGroup;
			children = (
				48241B70246BC94200EDAE16 /* BeaconDebugView.swift */,
				A94042A824757CEB003C26D2 /* DebugList.swift */,
			);
			path = "Debug Screens";
			sourceTree = "<group>";
		};
		A96ECFBF246C561A00F2D55C /* Views */ = {
			isa = PBXGroup;
			children = (
				A94042A724757CC7003C26D2 /* Debug Screens */,
				A96ECFEC246C611400F2D55C /* Preview Content */,
				A96ECFD0246C5F9B00F2D55C /* Common */,
				A96ECFC0246C562600F2D55C /* RoomsScreen */,
				A9176B79246EDF8500027D6C /* Settings */,
				48241B6E246BBE8D00EDAE16 /* RootView.swift */,
				A96ECFE8246C606800F2D55C /* CoHostingController.swift */,
				A9176B75246ED95C00027D6C /* OnBoardingScreen.swift */,
			);
			path = Views;
			sourceTree = "<group>";
		};
		A96ECFC0246C562600F2D55C /* RoomsScreen */ = {
			isa = PBXGroup;
			children = (
				A96ECFCD246C5F0E00F2D55C /* RoomsScreen.swift */,
				A96ECFCC246C5F0E00F2D55C /* PlaceHeaderView.swift */,
				A96ECFEA246C608500F2D55C /* GroupHeaderView.swift */,
				A96ECFD7246C5FAF00F2D55C /* RoomRow */,
			);
			path = RoomsScreen;
			sourceTree = "<group>";
		};
		A96ECFC5246C5B3200F2D55C /* Services */ = {
			isa = PBXGroup;
			children = (
				A96ECFC3246C5A0200F2D55C /* BeaconDetector.swift */,
				A96ECFC6246C5B3200F2D55C /* PlaceSession.swift */,
				A96ECFC7246C5B3200F2D55C /* ServerBackend.swift */,
				A9176B7D246F3CF700027D6C /* CoThingsBackend.swift */,
				48154915248510330045E41F /* APIRequest.swift */,
				48397BB624827BF600A697C4 /* NotificationService.swift */,
			);
			path = Services;
			sourceTree = "<group>";
		};
		A96ECFD0246C5F9B00F2D55C /* Common */ = {
			isa = PBXGroup;
			children = (
				A96ECFD1246C5F9B00F2D55C /* EdgeBorderModifier.swift */,
				A96ECFD2246C5F9B00F2D55C /* Environment.swift */,
				A96ECFD3246C5F9B00F2D55C /* Scrolling.swift */,
			);
			path = Common;
			sourceTree = "<group>";
		};
		A96ECFD7246C5FAF00F2D55C /* RoomRow */ = {
			isa = PBXGroup;
			children = (
				A96ECFD8246C5FAF00F2D55C /* RoomFullnessView.swift */,
				A96ECFD9246C5FAF00F2D55C /* CircularProgress.swift */,
				A96ECFDA246C5FAF00F2D55C /* RoomRow.swift */,
			);
			path = RoomRow;
			sourceTree = "<group>";
		};
		A96ECFE1246C605400F2D55C /* Helpers */ = {
			isa = PBXGroup;
			children = (
				A96ECFE4246C605C00F2D55C /* Color+Utils.swift */,
				A96ECFE2246C605C00F2D55C /* Date+Ago.swift */,
				A96ECFE3246C605C00F2D55C /* UIKit+Mix.swift */,
				48AA3055246EA28500F7F9BA /* DateFormatter+Custom.swift */,
				691DF0182496006400B2E624 /* LoadingView.swift */,
			);
			path = Helpers;
			sourceTree = "<group>";
		};
		A96ECFEC246C611400F2D55C /* Preview Content */ = {
			isa = PBXGroup;
			children = (
				A96ECFED246C611400F2D55C /* Preview Assets.xcassets */,
				A96ECFEF246C615500F2D55C /* RoomData.swift */,
				A9176B81246FF0A400027D6C /* InMemoryBackend.swift */,
				A9F301D32475710400CCA27E /* Session.swift */,
			);
			path = "Preview Content";
			sourceTree = "<group>";
		};
/* End PBXGroup section */

/* Begin PBXNativeTarget section */
		48DDD7BE245C5CD300A249BD /* CoThings */ = {
			isa = PBXNativeTarget;
			buildConfigurationList = 48DDD7FB245C5CD600A249BD /* Build configuration list for PBXNativeTarget "CoThings" */;
			buildPhases = (
				48DDD7BB245C5CD300A249BD /* Sources */,
				48DDD7BC245C5CD300A249BD /* Frameworks */,
				48DDD7BD245C5CD300A249BD /* Resources */,
				48DDD7FA245C5CD600A249BD /* Embed Watch Content */,
			);
			buildRules = (
			);
			dependencies = (
				48DDD7D6245C5CD500A249BD /* PBXTargetDependency */,
			);
			name = CoThings;
			packageProductDependencies = (
				48ADEE9E245D6A7B00265BB2 /* SwiftPhoenixClient */,
				A96ECFDF246C602100F2D55C /* DateHelper */,
				482566E024910E34004E5442 /* SDWebImageSwiftUI */,
			);
			productName = CoThings;
			productReference = 48DDD7BF245C5CD300A249BD /* CoThings.app */;
			productType = "com.apple.product-type.application";
		};
		48DDD7D2245C5CD500A249BD /* CoThings WatchKit App */ = {
			isa = PBXNativeTarget;
			buildConfigurationList = 48DDD7F7245C5CD600A249BD /* Build configuration list for PBXNativeTarget "CoThings WatchKit App" */;
			buildPhases = (
				48DDD7D1245C5CD500A249BD /* Resources */,
				48DDD7F6245C5CD600A249BD /* Embed App Extensions */,
			);
			buildRules = (
			);
			dependencies = (
				48DDD7E5245C5CD600A249BD /* PBXTargetDependency */,
			);
			name = "CoThings WatchKit App";
			productName = "CoThings WatchKit App";
			productReference = 48DDD7D3245C5CD500A249BD /* CoThings WatchKit App.app */;
			productType = "com.apple.product-type.application.watchapp2";
		};
		48DDD7E1245C5CD600A249BD /* CoThings WatchKit Extension */ = {
			isa = PBXNativeTarget;
			buildConfigurationList = 48DDD7F3245C5CD600A249BD /* Build configuration list for PBXNativeTarget "CoThings WatchKit Extension" */;
			buildPhases = (
				48DDD7DE245C5CD600A249BD /* Sources */,
				48DDD7DF245C5CD600A249BD /* Frameworks */,
				48DDD7E0245C5CD600A249BD /* Resources */,
			);
			buildRules = (
			);
			dependencies = (
			);
			name = "CoThings WatchKit Extension";
			productName = "CoThings WatchKit Extension";
			productReference = 48DDD7E2245C5CD600A249BD /* CoThings WatchKit Extension.appex */;
			productType = "com.apple.product-type.watchkit2-extension";
		};
/* End PBXNativeTarget section */

/* Begin PBXProject section */
		48DDD7B7245C5CD300A249BD /* Project object */ = {
			isa = PBXProject;
			attributes = {
				LastSwiftUpdateCheck = 1140;
				LastUpgradeCheck = 1140;
				ORGANIZATIONNAME = Rainlab;
				TargetAttributes = {
					48DDD7BE245C5CD300A249BD = {
						CreatedOnToolsVersion = 11.4.1;
					};
					48DDD7D2245C5CD500A249BD = {
						CreatedOnToolsVersion = 11.4.1;
					};
					48DDD7E1245C5CD600A249BD = {
						CreatedOnToolsVersion = 11.4.1;
					};
				};
			};
			buildConfigurationList = 48DDD7BA245C5CD300A249BD /* Build configuration list for PBXProject "CoThings" */;
			compatibilityVersion = "Xcode 9.3";
			developmentRegion = en;
			hasScannedForEncodings = 0;
			knownRegions = (
				en,
				Base,
			);
			mainGroup = 48DDD7B6245C5CD300A249BD;
			packageReferences = (
				48ADEE9D245D6A7B00265BB2 /* XCRemoteSwiftPackageReference "SwiftPhoenixClient" */,
				A96ECFDE246C602100F2D55C /* XCRemoteSwiftPackageReference "DateHelper" */,
				482566DC24910DAE004E5442 /* XCRemoteSwiftPackageReference "SDWebImage" */,
				482566DF24910E34004E5442 /* XCRemoteSwiftPackageReference "SDWebImageSwiftUI" */,
			);
			productRefGroup = 48DDD7C0245C5CD300A249BD /* Products */;
			projectDirPath = "";
			projectRoot = "";
			targets = (
				48DDD7BE245C5CD300A249BD /* CoThings */,
				48DDD7D2245C5CD500A249BD /* CoThings WatchKit App */,
				48DDD7E1245C5CD600A249BD /* CoThings WatchKit Extension */,
			);
		};
/* End PBXProject section */

/* Begin PBXResourcesBuildPhase section */
		48DDD7BD245C5CD300A249BD /* Resources */ = {
			isa = PBXResourcesBuildPhase;
			buildActionMask = 2147483647;
			files = (
				48DDD7CF245C5CD500A249BD /* LaunchScreen.storyboard in Resources */,
				48DDD7CC245C5CD500A249BD /* Assets.xcassets in Resources */,
				A96ECFEE246C611400F2D55C /* Preview Assets.xcassets in Resources */,
				48DDD800245C76F400A249BD /* README.md in Resources */,
				48DDD801245C76F400A249BD /* LICENSE in Resources */,
			);
			runOnlyForDeploymentPostprocessing = 0;
		};
		48DDD7D1245C5CD500A249BD /* Resources */ = {
			isa = PBXResourcesBuildPhase;
			buildActionMask = 2147483647;
			files = (
				48DDD7DC245C5CD500A249BD /* Assets.xcassets in Resources */,
				48DDD7DA245C5CD500A249BD /* Interface.storyboard in Resources */,
			);
			runOnlyForDeploymentPostprocessing = 0;
		};
		48DDD7E0245C5CD600A249BD /* Resources */ = {
			isa = PBXResourcesBuildPhase;
			buildActionMask = 2147483647;
			files = (
				48DDD7EE245C5CD600A249BD /* Assets.xcassets in Resources */,
			);
			runOnlyForDeploymentPostprocessing = 0;
		};
/* End PBXResourcesBuildPhase section */

/* Begin PBXSourcesBuildPhase section */
		48DDD7BB245C5CD300A249BD /* Sources */ = {
			isa = PBXSourcesBuildPhase;
			buildActionMask = 2147483647;
			files = (
				A96ECFC9246C5B3200F2D55C /* PlaceSession.swift in Sources */,
				A96ECFC2246C564600F2D55C /* Models.swift in Sources */,
				487C3005248100310085B94F /* AboutView.swift in Sources */,
				A96ECFE9246C606800F2D55C /* CoHostingController.swift in Sources */,
				48397BB724827BF600A697C4 /* NotificationService.swift in Sources */,
				A96ECFC4246C5A0200F2D55C /* BeaconDetector.swift in Sources */,
				487C3008248105FF0085B94F /* AboutRowView.swift in Sources */,
				48AA3056246EA28500F7F9BA /* DateFormatter+Custom.swift in Sources */,
				A96ECFDB246C5FAF00F2D55C /* RoomFullnessView.swift in Sources */,
				48241B6D246BAB2400EDAE16 /* AppState.swift in Sources */,
				A94042AB247585E8003C26D2 /* SettingsScreen.swift in Sources */,
				48397BB924827C5D00A697C4 /* NotificationSettings.swift in Sources */,
				A96ECFD5246C5F9B00F2D55C /* Environment.swift in Sources */,
				691DF0192496006400B2E624 /* LoadingView.swift in Sources */,
				48241B6F246BBE8D00EDAE16 /* RootView.swift in Sources */,
				6633A62524858E8A0010C340 /* QRCodeView.swift in Sources */,
				A96ECFE7246C605C00F2D55C /* Color+Utils.swift in Sources */,
				A96ECFEB246C608500F2D55C /* GroupHeaderView.swift in Sources */,
				A96ECFCE246C5F0E00F2D55C /* PlaceHeaderView.swift in Sources */,
				A9176B76246ED95C00027D6C /* OnBoardingScreen.swift in Sources */,
				A94042A924757CEB003C26D2 /* DebugList.swift in Sources */,
				A96ECFDD246C5FAF00F2D55C /* RoomRow.swift in Sources */,
				A96ECFDC246C5FAF00F2D55C /* CircularProgress.swift in Sources */,
				A96ECFE6246C605C00F2D55C /* UIKit+Mix.swift in Sources */,
				A96ECFF0246C615500F2D55C /* RoomData.swift in Sources */,
				A9176B7E246F3CF700027D6C /* CoThingsBackend.swift in Sources */,
				A9176B82246FF0A400027D6C /* InMemoryBackend.swift in Sources */,
				A9F301D42475710400CCA27E /* Session.swift in Sources */,
				A9176B78246EDA5300027D6C /* StateController.swift in Sources */,
				A96ECFD6246C5F9B00F2D55C /* Scrolling.swift in Sources */,
				48B33AFA24682495000A1F5C /* ServerSettingsView.swift in Sources */,
				A9176B7C246EED7100027D6C /* RoomsController.swift in Sources */,
				48DDD7C3245C5CD300A249BD /* AppDelegate.swift in Sources */,
				A96ECFE5246C605C00F2D55C /* Date+Ago.swift in Sources */,
				48241B71246BC94200EDAE16 /* BeaconDebugView.swift in Sources */,
				48DDD7C5245C5CD300A249BD /* SceneDelegate.swift in Sources */,
				A96ECFCF246C5F0E00F2D55C /* RoomsScreen.swift in Sources */,
				A96ECFCA246C5B3200F2D55C /* ServerBackend.swift in Sources */,
				48154916248510330045E41F /* APIRequest.swift in Sources */,
				A96ECFD4246C5F9B00F2D55C /* EdgeBorderModifier.swift in Sources */,
			);
			runOnlyForDeploymentPostprocessing = 0;
		};
		48DDD7DE245C5CD600A249BD /* Sources */ = {
			isa = PBXSourcesBuildPhase;
			buildActionMask = 2147483647;
			files = (
				48DDD7EC245C5CD600A249BD /* NotificationController.swift in Sources */,
				48DDD7EA245C5CD600A249BD /* ExtensionDelegate.swift in Sources */,
				48DDD7E8245C5CD600A249BD /* InterfaceController.swift in Sources */,
			);
			runOnlyForDeploymentPostprocessing = 0;
		};
/* End PBXSourcesBuildPhase section */

/* Begin PBXTargetDependency section */
		48DDD7D6245C5CD500A249BD /* PBXTargetDependency */ = {
			isa = PBXTargetDependency;
			target = 48DDD7D2245C5CD500A249BD /* CoThings WatchKit App */;
			targetProxy = 48DDD7D5245C5CD500A249BD /* PBXContainerItemProxy */;
		};
		48DDD7E5245C5CD600A249BD /* PBXTargetDependency */ = {
			isa = PBXTargetDependency;
			target = 48DDD7E1245C5CD600A249BD /* CoThings WatchKit Extension */;
			targetProxy = 48DDD7E4245C5CD600A249BD /* PBXContainerItemProxy */;
		};
/* End PBXTargetDependency section */

/* Begin PBXVariantGroup section */
		48DDD7CD245C5CD500A249BD /* LaunchScreen.storyboard */ = {
			isa = PBXVariantGroup;
			children = (
				48DDD7CE245C5CD500A249BD /* Base */,
			);
			name = LaunchScreen.storyboard;
			sourceTree = "<group>";
		};
		48DDD7D8245C5CD500A249BD /* Interface.storyboard */ = {
			isa = PBXVariantGroup;
			children = (
				48DDD7D9245C5CD500A249BD /* Base */,
			);
			name = Interface.storyboard;
			sourceTree = "<group>";
		};
/* End PBXVariantGroup section */

/* Begin XCBuildConfiguration section */
		48DDD7F1245C5CD600A249BD /* Debug */ = {
			isa = XCBuildConfiguration;
			buildSettings = {
				ALWAYS_SEARCH_USER_PATHS = NO;
				CLANG_ANALYZER_NONNULL = YES;
				CLANG_ANALYZER_NUMBER_OBJECT_CONVERSION = YES_AGGRESSIVE;
				CLANG_CXX_LANGUAGE_STANDARD = "gnu++14";
				CLANG_CXX_LIBRARY = "libc++";
				CLANG_ENABLE_MODULES = YES;
				CLANG_ENABLE_OBJC_ARC = YES;
				CLANG_ENABLE_OBJC_WEAK = YES;
				CLANG_WARN_BLOCK_CAPTURE_AUTORELEASING = YES;
				CLANG_WARN_BOOL_CONVERSION = YES;
				CLANG_WARN_COMMA = YES;
				CLANG_WARN_CONSTANT_CONVERSION = YES;
				CLANG_WARN_DEPRECATED_OBJC_IMPLEMENTATIONS = YES;
				CLANG_WARN_DIRECT_OBJC_ISA_USAGE = YES_ERROR;
				CLANG_WARN_DOCUMENTATION_COMMENTS = YES;
				CLANG_WARN_EMPTY_BODY = YES;
				CLANG_WARN_ENUM_CONVERSION = YES;
				CLANG_WARN_INFINITE_RECURSION = YES;
				CLANG_WARN_INT_CONVERSION = YES;
				CLANG_WARN_NON_LITERAL_NULL_CONVERSION = YES;
				CLANG_WARN_OBJC_IMPLICIT_RETAIN_SELF = YES;
				CLANG_WARN_OBJC_LITERAL_CONVERSION = YES;
				CLANG_WARN_OBJC_ROOT_CLASS = YES_ERROR;
				CLANG_WARN_RANGE_LOOP_ANALYSIS = YES;
				CLANG_WARN_STRICT_PROTOTYPES = YES;
				CLANG_WARN_SUSPICIOUS_MOVE = YES;
				CLANG_WARN_UNGUARDED_AVAILABILITY = YES_AGGRESSIVE;
				CLANG_WARN_UNREACHABLE_CODE = YES;
				CLANG_WARN__DUPLICATE_METHOD_MATCH = YES;
				COPY_PHASE_STRIP = NO;
				DEBUG_INFORMATION_FORMAT = dwarf;
				ENABLE_STRICT_OBJC_MSGSEND = YES;
				ENABLE_TESTABILITY = YES;
				GCC_C_LANGUAGE_STANDARD = gnu11;
				GCC_DYNAMIC_NO_PIC = NO;
				GCC_NO_COMMON_BLOCKS = YES;
				GCC_OPTIMIZATION_LEVEL = 0;
				GCC_PREPROCESSOR_DEFINITIONS = (
					"DEBUG=1",
					"$(inherited)",
				);
				GCC_WARN_64_TO_32_BIT_CONVERSION = YES;
				GCC_WARN_ABOUT_RETURN_TYPE = YES_ERROR;
				GCC_WARN_UNDECLARED_SELECTOR = YES;
				GCC_WARN_UNINITIALIZED_AUTOS = YES_AGGRESSIVE;
				GCC_WARN_UNUSED_FUNCTION = YES;
				GCC_WARN_UNUSED_VARIABLE = YES;
				IPHONEOS_DEPLOYMENT_TARGET = 13.4;
				MTL_ENABLE_DEBUG_INFO = INCLUDE_SOURCE;
				MTL_FAST_MATH = YES;
				ONLY_ACTIVE_ARCH = YES;
				SDKROOT = iphoneos;
				SWIFT_ACTIVE_COMPILATION_CONDITIONS = DEBUG;
				SWIFT_OPTIMIZATION_LEVEL = "-Onone";
			};
			name = Debug;
		};
		48DDD7F2245C5CD600A249BD /* Release */ = {
			isa = XCBuildConfiguration;
			buildSettings = {
				ALWAYS_SEARCH_USER_PATHS = NO;
				CLANG_ANALYZER_NONNULL = YES;
				CLANG_ANALYZER_NUMBER_OBJECT_CONVERSION = YES_AGGRESSIVE;
				CLANG_CXX_LANGUAGE_STANDARD = "gnu++14";
				CLANG_CXX_LIBRARY = "libc++";
				CLANG_ENABLE_MODULES = YES;
				CLANG_ENABLE_OBJC_ARC = YES;
				CLANG_ENABLE_OBJC_WEAK = YES;
				CLANG_WARN_BLOCK_CAPTURE_AUTORELEASING = YES;
				CLANG_WARN_BOOL_CONVERSION = YES;
				CLANG_WARN_COMMA = YES;
				CLANG_WARN_CONSTANT_CONVERSION = YES;
				CLANG_WARN_DEPRECATED_OBJC_IMPLEMENTATIONS = YES;
				CLANG_WARN_DIRECT_OBJC_ISA_USAGE = YES_ERROR;
				CLANG_WARN_DOCUMENTATION_COMMENTS = YES;
				CLANG_WARN_EMPTY_BODY = YES;
				CLANG_WARN_ENUM_CONVERSION = YES;
				CLANG_WARN_INFINITE_RECURSION = YES;
				CLANG_WARN_INT_CONVERSION = YES;
				CLANG_WARN_NON_LITERAL_NULL_CONVERSION = YES;
				CLANG_WARN_OBJC_IMPLICIT_RETAIN_SELF = YES;
				CLANG_WARN_OBJC_LITERAL_CONVERSION = YES;
				CLANG_WARN_OBJC_ROOT_CLASS = YES_ERROR;
				CLANG_WARN_RANGE_LOOP_ANALYSIS = YES;
				CLANG_WARN_STRICT_PROTOTYPES = YES;
				CLANG_WARN_SUSPICIOUS_MOVE = YES;
				CLANG_WARN_UNGUARDED_AVAILABILITY = YES_AGGRESSIVE;
				CLANG_WARN_UNREACHABLE_CODE = YES;
				CLANG_WARN__DUPLICATE_METHOD_MATCH = YES;
				COPY_PHASE_STRIP = NO;
				DEBUG_INFORMATION_FORMAT = "dwarf-with-dsym";
				ENABLE_NS_ASSERTIONS = NO;
				ENABLE_STRICT_OBJC_MSGSEND = YES;
				GCC_C_LANGUAGE_STANDARD = gnu11;
				GCC_NO_COMMON_BLOCKS = YES;
				GCC_WARN_64_TO_32_BIT_CONVERSION = YES;
				GCC_WARN_ABOUT_RETURN_TYPE = YES_ERROR;
				GCC_WARN_UNDECLARED_SELECTOR = YES;
				GCC_WARN_UNINITIALIZED_AUTOS = YES_AGGRESSIVE;
				GCC_WARN_UNUSED_FUNCTION = YES;
				GCC_WARN_UNUSED_VARIABLE = YES;
				IPHONEOS_DEPLOYMENT_TARGET = 13.4;
				MTL_ENABLE_DEBUG_INFO = NO;
				MTL_FAST_MATH = YES;
				SDKROOT = iphoneos;
				SWIFT_COMPILATION_MODE = wholemodule;
				SWIFT_OPTIMIZATION_LEVEL = "-O";
				VALIDATE_PRODUCT = YES;
			};
			name = Release;
		};
		48DDD7F4245C5CD600A249BD /* Debug */ = {
			isa = XCBuildConfiguration;
			buildSettings = {
				ASSETCATALOG_COMPILER_COMPLICATION_NAME = Complication;
				CODE_SIGN_STYLE = Automatic;
				CURRENT_PROJECT_VERSION = 20200529;
				DEVELOPMENT_TEAM = 35HZ3WVY79;
				INFOPLIST_FILE = "CoThings WatchKit Extension/Info.plist";
				LD_RUNPATH_SEARCH_PATHS = (
					"$(inherited)",
					"@executable_path/Frameworks",
					"@executable_path/../../Frameworks",
				);
				MARKETING_VERSION = 1.0.0;
				PRODUCT_BUNDLE_IDENTIFIER = app.cothings.ios.watchkitapp.watchkitextension;
				PRODUCT_NAME = "${TARGET_NAME}";
				SDKROOT = watchos;
				SKIP_INSTALL = YES;
				SWIFT_VERSION = 5.0;
				TARGETED_DEVICE_FAMILY = 4;
				WATCHOS_DEPLOYMENT_TARGET = 6.2;
			};
			name = Debug;
		};
		48DDD7F5245C5CD600A249BD /* Release */ = {
			isa = XCBuildConfiguration;
			buildSettings = {
				ASSETCATALOG_COMPILER_COMPLICATION_NAME = Complication;
				CODE_SIGN_STYLE = Automatic;
				CURRENT_PROJECT_VERSION = 20200529;
				DEVELOPMENT_TEAM = 35HZ3WVY79;
				INFOPLIST_FILE = "CoThings WatchKit Extension/Info.plist";
				LD_RUNPATH_SEARCH_PATHS = (
					"$(inherited)",
					"@executable_path/Frameworks",
					"@executable_path/../../Frameworks",
				);
				MARKETING_VERSION = 1.0.0;
				PRODUCT_BUNDLE_IDENTIFIER = app.cothings.ios.watchkitapp.watchkitextension;
				PRODUCT_NAME = "${TARGET_NAME}";
				SDKROOT = watchos;
				SKIP_INSTALL = YES;
				SWIFT_VERSION = 5.0;
				TARGETED_DEVICE_FAMILY = 4;
				WATCHOS_DEPLOYMENT_TARGET = 6.2;
			};
			name = Release;
		};
		48DDD7F8245C5CD600A249BD /* Debug */ = {
			isa = XCBuildConfiguration;
			buildSettings = {
				ALWAYS_EMBED_SWIFT_STANDARD_LIBRARIES = YES;
				ASSETCATALOG_COMPILER_APPICON_NAME = AppIcon;
				CODE_SIGN_STYLE = Automatic;
				CURRENT_PROJECT_VERSION = 20200529;
				DEVELOPMENT_TEAM = 35HZ3WVY79;
				IBSC_MODULE = CoThings_WatchKit_Extension;
				INFOPLIST_FILE = "CoThings WatchKit App/Info.plist";
				MARKETING_VERSION = 1.0.0;
				PRODUCT_BUNDLE_IDENTIFIER = app.cothings.ios.watchkitapp;
				PRODUCT_NAME = "$(TARGET_NAME)";
				SDKROOT = watchos;
				SKIP_INSTALL = YES;
				SWIFT_VERSION = 5.0;
				TARGETED_DEVICE_FAMILY = 4;
				WATCHOS_DEPLOYMENT_TARGET = 6.2;
			};
			name = Debug;
		};
		48DDD7F9245C5CD600A249BD /* Release */ = {
			isa = XCBuildConfiguration;
			buildSettings = {
				ALWAYS_EMBED_SWIFT_STANDARD_LIBRARIES = YES;
				ASSETCATALOG_COMPILER_APPICON_NAME = AppIcon;
				CODE_SIGN_STYLE = Automatic;
				CURRENT_PROJECT_VERSION = 20200529;
				DEVELOPMENT_TEAM = 35HZ3WVY79;
				IBSC_MODULE = CoThings_WatchKit_Extension;
				INFOPLIST_FILE = "CoThings WatchKit App/Info.plist";
				MARKETING_VERSION = 1.0.0;
				PRODUCT_BUNDLE_IDENTIFIER = app.cothings.ios.watchkitapp;
				PRODUCT_NAME = "$(TARGET_NAME)";
				SDKROOT = watchos;
				SKIP_INSTALL = YES;
				SWIFT_VERSION = 5.0;
				TARGETED_DEVICE_FAMILY = 4;
				WATCHOS_DEPLOYMENT_TARGET = 6.2;
			};
			name = Release;
		};
		48DDD7FC245C5CD600A249BD /* Debug */ = {
			isa = XCBuildConfiguration;
			buildSettings = {
				ASSETCATALOG_COMPILER_APPICON_NAME = AppIcon;
				CODE_SIGN_IDENTITY = "Apple Development";
				CODE_SIGN_STYLE = Automatic;
				CURRENT_PROJECT_VERSION = 20200529;
				DEVELOPMENT_TEAM = 35HZ3WVY79;
				INFOPLIST_FILE = CoThings/Info.plist;
				IPHONEOS_DEPLOYMENT_TARGET = 13.0;
				LD_RUNPATH_SEARCH_PATHS = (
					"$(inherited)",
					"@executable_path/Frameworks",
				);
				MARKETING_VERSION = 1.0.0;
				PRODUCT_BUNDLE_IDENTIFIER = app.cothings.ios;
				PRODUCT_NAME = "$(TARGET_NAME)";
				PROVISIONING_PROFILE_SPECIFIER = "";
				SWIFT_VERSION = 5.0;
				TARGETED_DEVICE_FAMILY = "1,2";
			};
			name = Debug;
		};
		48DDD7FD245C5CD600A249BD /* Release */ = {
			isa = XCBuildConfiguration;
			buildSettings = {
				ASSETCATALOG_COMPILER_APPICON_NAME = AppIcon;
				CODE_SIGN_IDENTITY = "Apple Development";
				CODE_SIGN_STYLE = Automatic;
				CURRENT_PROJECT_VERSION = 20200529;
				DEVELOPMENT_TEAM = 35HZ3WVY79;
				INFOPLIST_FILE = CoThings/Info.plist;
				IPHONEOS_DEPLOYMENT_TARGET = 13.0;
				LD_RUNPATH_SEARCH_PATHS = (
					"$(inherited)",
					"@executable_path/Frameworks",
				);
				MARKETING_VERSION = 1.0.0;
				PRODUCT_BUNDLE_IDENTIFIER = app.cothings.ios;
				PRODUCT_NAME = "$(TARGET_NAME)";
				PROVISIONING_PROFILE_SPECIFIER = "";
				SWIFT_VERSION = 5.0;
				TARGETED_DEVICE_FAMILY = "1,2";
			};
			name = Release;
		};
/* End XCBuildConfiguration section */

/* Begin XCConfigurationList section */
		48DDD7BA245C5CD300A249BD /* Build configuration list for PBXProject "CoThings" */ = {
			isa = XCConfigurationList;
			buildConfigurations = (
				48DDD7F1245C5CD600A249BD /* Debug */,
				48DDD7F2245C5CD600A249BD /* Release */,
			);
			defaultConfigurationIsVisible = 0;
			defaultConfigurationName = Release;
		};
		48DDD7F3245C5CD600A249BD /* Build configuration list for PBXNativeTarget "CoThings WatchKit Extension" */ = {
			isa = XCConfigurationList;
			buildConfigurations = (
				48DDD7F4245C5CD600A249BD /* Debug */,
				48DDD7F5245C5CD600A249BD /* Release */,
			);
			defaultConfigurationIsVisible = 0;
			defaultConfigurationName = Release;
		};
		48DDD7F7245C5CD600A249BD /* Build configuration list for PBXNativeTarget "CoThings WatchKit App" */ = {
			isa = XCConfigurationList;
			buildConfigurations = (
				48DDD7F8245C5CD600A249BD /* Debug */,
				48DDD7F9245C5CD600A249BD /* Release */,
			);
			defaultConfigurationIsVisible = 0;
			defaultConfigurationName = Release;
		};
		48DDD7FB245C5CD600A249BD /* Build configuration list for PBXNativeTarget "CoThings" */ = {
			isa = XCConfigurationList;
			buildConfigurations = (
				48DDD7FC245C5CD600A249BD /* Debug */,
				48DDD7FD245C5CD600A249BD /* Release */,
			);
			defaultConfigurationIsVisible = 0;
			defaultConfigurationName = Release;
		};
/* End XCConfigurationList section */

/* Begin XCRemoteSwiftPackageReference section */
		482566DC24910DAE004E5442 /* XCRemoteSwiftPackageReference "SDWebImage" */ = {
			isa = XCRemoteSwiftPackageReference;
			repositoryURL = "https://github.com/SDWebImage/SDWebImage.git";
			requirement = {
				kind = upToNextMajorVersion;
				minimumVersion = 5.8.0;
			};
		};
		482566DF24910E34004E5442 /* XCRemoteSwiftPackageReference "SDWebImageSwiftUI" */ = {
			isa = XCRemoteSwiftPackageReference;
			repositoryURL = "https://github.com/SDWebImage/SDWebImageSwiftUI.git";
			requirement = {
				kind = upToNextMajorVersion;
				minimumVersion = 1.5.0;
			};
		};
		48ADEE9D245D6A7B00265BB2 /* XCRemoteSwiftPackageReference "SwiftPhoenixClient" */ = {
			isa = XCRemoteSwiftPackageReference;
			repositoryURL = "https://github.com/davidstump/SwiftPhoenixClient.git";
			requirement = {
				kind = upToNextMajorVersion;
				minimumVersion = 1.2.1;
			};
		};
		A96ECFDE246C602100F2D55C /* XCRemoteSwiftPackageReference "DateHelper" */ = {
			isa = XCRemoteSwiftPackageReference;
			repositoryURL = "https://github.com/melvitax/DateHelper.git";
			requirement = {
				kind = upToNextMajorVersion;
				minimumVersion = 4.3.0;
			};
		};
/* End XCRemoteSwiftPackageReference section */

/* Begin XCSwiftPackageProductDependency section */
		482566E024910E34004E5442 /* SDWebImageSwiftUI */ = {
			isa = XCSwiftPackageProductDependency;
			package = 482566DF24910E34004E5442 /* XCRemoteSwiftPackageReference "SDWebImageSwiftUI" */;
			productName = SDWebImageSwiftUI;
		};
		48ADEE9E245D6A7B00265BB2 /* SwiftPhoenixClient */ = {
			isa = XCSwiftPackageProductDependency;
			package = 48ADEE9D245D6A7B00265BB2 /* XCRemoteSwiftPackageReference "SwiftPhoenixClient" */;
			productName = SwiftPhoenixClient;
		};
		A96ECFDF246C602100F2D55C /* DateHelper */ = {
			isa = XCSwiftPackageProductDependency;
			package = A96ECFDE246C602100F2D55C /* XCRemoteSwiftPackageReference "DateHelper" */;
			productName = DateHelper;
		};
/* End XCSwiftPackageProductDependency section */
	};
	rootObject = 48DDD7B7245C5CD300A249BD /* Project object */;
}
