{
  "object": {
    "pins": [
      {
        "package": "DateHelper",
        "repositoryURL": "https://github.com/melvitax/DateHelper.git",
        "state": {
          "branch": null,
          "revision": "f3c896beb529e86eba46483121276c74390856de",
          "version": "4.3.0"
        }
      },
      {
        "package": "SDWebImage",
        "repositoryURL": "https://github.com/SDWebImage/SDWebImage.git",
        "state": {
          "branch": null,
          "revision": "5818cf70fde7e9e07e24196d0d54350bc8526f26",
          "version": "5.8.0"
        }
      },
      {
        "package": "SDWebImageSwiftUI",
        "repositoryURL": "https://github.com/SDWebImage/SDWebImageSwiftUI.git",
        "state": {
          "branch": null,
          "revision": "4c7f169e39bc35d6b80d42b8eb8301bee9cd0907",
          "version": "1.5.0"
        }
      },
      {
        "package": "Starscream",
        "repositoryURL": "https://github.com/daltoniam/Starscream.git",
        "state": {
          "branch": null,
          "revision": "e6b65c6d9077ea48b4a7bdda8994a1d3c6969c8d",
          "version": "3.1.1"
        }
      },
      {
        "package": "swift-nio-zlib-support",
        "repositoryURL": "https://github.com/apple/swift-nio-zlib-support.git",
        "state": {
          "branch": null,
          "revision": "37760e9a52030bb9011972c5213c3350fa9d41fd",
          "version": "1.0.0"
        }
      },
      {
        "package": "SwiftPhoenixClient",
        "repositoryURL": "https://github.com/davidstump/SwiftPhoenixClient.git",
        "state": {
          "branch": null,
          "revision": "7de9b726f6eba4207ec29a9e84c9895aea33d914",
          "version": "1.2.1"
        }
      }
    ]
  },
  "version": 1
}
